
Microsoft Visual Studio Solution File, Format Version 12.00
# Visual Studio Version 17
VisualStudioVersion = 17.0.32112.339
MinimumVisualStudioVersion = 10.0.40219.1
Project("{FAE04EC0-301F-11D3-BF4B-00C04F79EFBC}") = "SubnetCalculator", ".\SubnetCalculator\SubnetCalculator.csproj", "{C06C4A5E-C6B6-475E-B5E0-98AC47C6594B}"
EndProject
Project("{FAE04EC0-301F-11D3-BF4B-00C04F79EFBC}") = "IPAddressControlLib", ".\IpAddressControlLib\IPAddressControlLib.csproj", "{21A6CDDA-19F8-4B79-88DE-D2A8571D6080}"
EndProject
Global
	GlobalSection(SolutionConfigurationPlatforms) = preSolution
		Debug|Any CPU = Debug|Any CPU
		Release|Any CPU = Release|Any CPU
	EndGlobalSection
	GlobalSection(ProjectConfigurationPlatforms) = postSolution
		{C06C4A5E-C6B6-475E-B5E0-98AC47C6594B}.Debug|Any CPU.ActiveCfg = Debug|Any CPU
		{C06C4A5E-C6B6-475E-B5E0-98AC47C6594B}.Debug|Any CPU.Build.0 = Debug|Any CPU
		{C06C4A5E-C6B6-475E-B5E0-98AC47C6594B}.Release|Any CPU.ActiveCfg = Release|Any CPU
		{C06C4A5E-C6B6-475E-B5E0-98AC47C6594B}.Release|Any CPU.Build.0 = Release|Any CPU
		{21A6CDDA-19F8-4B79-88DE-D2A8571D6080}.Debug|Any CPU.ActiveCfg = Debug|Any CPU
		{21A6CDDA-19F8-4B79-88DE-D2A8571D6080}.Debug|Any CPU.Build.0 = Debug|Any CPU
		{21A6CDDA-19F8-4B79-88DE-D2A8571D6080}.Release|Any CPU.ActiveCfg = Release|Any CPU
		{21A6CDDA-19F8-4B79-88DE-D2A8571D6080}.Release|Any CPU.Build.0 = Release|Any CPU
	EndGlobalSection
	GlobalSection(SolutionProperties) = preSolution
		HideSolutionNode = FALSE
	EndGlobalSection
	GlobalSection(ExtensibilityGlobals) = postSolution
		SolutionGuid = {208DA8CE-0ADA-435A-9AE9-1B768CDB9B32}
	EndGlobalSection
EndGlobal
